
Microsoft Visual Studio Solution File, Format Version 12.00
# Visual Studio Version 17
VisualStudioVersion = 17.0.31903.59
MinimumVisualStudioVersion = 10.0.40219.1
Project("{2150E333-8FDC-42A3-9474-1A3956D46DE8}") = "src", "src", "{827E0CD3-B72D-47B6-A68D-7590B98EB39B}"
EndProject
Project("{FAE04EC0-301F-11D3-BF4B-00C04F79EFBC}") = "GameEngine.Api", "src\GameEngine.Api\GameEngine.Api.csproj", "{FDFBC5E1-71DB-4547-80C4-6EFBB0AA0992}"
EndProject
Project("{FAE04EC0-301F-11D3-BF4B-00C04F79EFBC}") = "GameEngine.Domain", "src\GameEngine.Domain\GameEngine.Domain.csproj", "{DF353385-598C-479F-8A8B-1CF924D34279}"
EndProject
Project("{FAE04EC0-301F-11D3-BF4B-00C04F79EFBC}") = "GameEngine.Application", "src\GameEngine.Application\GameEngine.Application.csproj", "{0395B7E4-F75F-4222-A906-EAD33ACEDF0E}"
EndProject
Project("{FAE04EC0-301F-11D3-BF4B-00C04F79EFBC}") = "GameEngine.Infrastructure", "src\GameEngine.Infrastructure\GameEngine.Infrastructure.csproj", "{EAAB6263-02B0-4C2D-BCE0-7D300E8DC51A}"
EndProject
Project("{FAE04EC0-301F-11D3-BF4B-00C04F79EFBC}") = "GameEngine.Modules", "src\GameEngine.Modules\GameEngine.Modules.csproj", "{61EBA8B4-F8A9-4E20-9586-EDA79460E57D}"
EndProject
Project("{2150E333-8FDC-42A3-9474-1A3956D46DE8}") = "tests", "tests", "{0AB3BF05-4346-4AA6-1389-037BE0695223}"
EndProject
Project("{FAE04EC0-301F-11D3-BF4B-00C04F79EFBC}") = "GameEngine.Domain.Tests", "tests\GameEngine.Domain.Tests\GameEngine.Domain.Tests.csproj", "{AE4A4DDF-3803-4889-8E21-0B21BFB4CE4D}"
EndProject
Project("{FAE04EC0-301F-11D3-BF4B-00C04F79EFBC}") = "GameEngine.Application.Tests", "tests\GameEngine.Application.Tests\GameEngine.Application.Tests.csproj", "{99472FB1-3F03-4DEA-A161-88582C63E2BB}"
EndProject
Project("{FAE04EC0-301F-11D3-BF4B-00C04F79EFBC}") = "GameEngine.Modules.Tests", "tests\GameEngine.Modules.Tests\GameEngine.Modules.Tests.csproj", "{525A6D60-CD0B-450E-BFC4-35AB180D36CE}"
EndProject
Global
	GlobalSection(SolutionConfigurationPlatforms) = preSolution
		Debug|Any CPU = Debug|Any CPU
		Debug|x64 = Debug|x64
		Debug|x86 = Debug|x86
		Release|Any CPU = Release|Any CPU
		Release|x64 = Release|x64
		Release|x86 = Release|x86
	EndGlobalSection
	GlobalSection(ProjectConfigurationPlatforms) = postSolution
		{FDFBC5E1-71DB-4547-80C4-6EFBB0AA0992}.Debug|Any CPU.ActiveCfg = Debug|Any CPU
		{FDFBC5E1-71DB-4547-80C4-6EFBB0AA0992}.Debug|Any CPU.Build.0 = Debug|Any CPU
		{FDFBC5E1-71DB-4547-80C4-6EFBB0AA0992}.Debug|x64.ActiveCfg = Debug|Any CPU
		{FDFBC5E1-71DB-4547-80C4-6EFBB0AA0992}.Debug|x64.Build.0 = Debug|Any CPU
		{FDFBC5E1-71DB-4547-80C4-6EFBB0AA0992}.Debug|x86.ActiveCfg = Debug|Any CPU
		{FDFBC5E1-71DB-4547-80C4-6EFBB0AA0992}.Debug|x86.Build.0 = Debug|Any CPU
		{FDFBC5E1-71DB-4547-80C4-6EFBB0AA0992}.Release|Any CPU.ActiveCfg = Release|Any CPU
		{FDFBC5E1-71DB-4547-80C4-6EFBB0AA0992}.Release|Any CPU.Build.0 = Release|Any CPU
		{FDFBC5E1-71DB-4547-80C4-6EFBB0AA0992}.Release|x64.ActiveCfg = Release|Any CPU
		{FDFBC5E1-71DB-4547-80C4-6EFBB0AA0992}.Release|x64.Build.0 = Release|Any CPU
		{FDFBC5E1-71DB-4547-80C4-6EFBB0AA0992}.Release|x86.ActiveCfg = Release|Any CPU
		{FDFBC5E1-71DB-4547-80C4-6EFBB0AA0992}.Release|x86.Build.0 = Release|Any CPU
		{DF353385-598C-479F-8A8B-1CF924D34279}.Debug|Any CPU.ActiveCfg = Debug|Any CPU
		{DF353385-598C-479F-8A8B-1CF924D34279}.Debug|Any CPU.Build.0 = Debug|Any CPU
		{DF353385-598C-479F-8A8B-1CF924D34279}.Debug|x64.ActiveCfg = Debug|Any CPU
		{DF353385-598C-479F-8A8B-1CF924D34279}.Debug|x64.Build.0 = Debug|Any CPU
		{DF353385-598C-479F-8A8B-1CF924D34279}.Debug|x86.ActiveCfg = Debug|Any CPU
		{DF353385-598C-479F-8A8B-1CF924D34279}.Debug|x86.Build.0 = Debug|Any CPU
		{DF353385-598C-479F-8A8B-1CF924D34279}.Release|Any CPU.ActiveCfg = Release|Any CPU
		{DF353385-598C-479F-8A8B-1CF924D34279}.Release|Any CPU.Build.0 = Release|Any CPU
		{DF353385-598C-479F-8A8B-1CF924D34279}.Release|x64.ActiveCfg = Release|Any CPU
		{DF353385-598C-479F-8A8B-1CF924D34279}.Release|x64.Build.0 = Release|Any CPU
		{DF353385-598C-479F-8A8B-1CF924D34279}.Release|x86.ActiveCfg = Release|Any CPU
		{DF353385-598C-479F-8A8B-1CF924D34279}.Release|x86.Build.0 = Release|Any CPU
		{0395B7E4-F75F-4222-A906-EAD33ACEDF0E}.Debug|Any CPU.ActiveCfg = Debug|Any CPU
		{0395B7E4-F75F-4222-A906-EAD33ACEDF0E}.Debug|Any CPU.Build.0 = Debug|Any CPU
		{0395B7E4-F75F-4222-A906-EAD33ACEDF0E}.Debug|x64.ActiveCfg = Debug|Any CPU
		{0395B7E4-F75F-4222-A906-EAD33ACEDF0E}.Debug|x64.Build.0 = Debug|Any CPU
		{0395B7E4-F75F-4222-A906-EAD33ACEDF0E}.Debug|x86.ActiveCfg = Debug|Any CPU
		{0395B7E4-F75F-4222-A906-EAD33ACEDF0E}.Debug|x86.Build.0 = Debug|Any CPU
		{0395B7E4-F75F-4222-A906-EAD33ACEDF0E}.Release|Any CPU.ActiveCfg = Release|Any CPU
		{0395B7E4-F75F-4222-A906-EAD33ACEDF0E}.Release|Any CPU.Build.0 = Release|Any CPU
		{0395B7E4-F75F-4222-A906-EAD33ACEDF0E}.Release|x64.ActiveCfg = Release|Any CPU
		{0395B7E4-F75F-4222-A906-EAD33ACEDF0E}.Release|x64.Build.0 = Release|Any CPU
		{0395B7E4-F75F-4222-A906-EAD33ACEDF0E}.Release|x86.ActiveCfg = Release|Any CPU
		{0395B7E4-F75F-4222-A906-EAD33ACEDF0E}.Release|x86.Build.0 = Release|Any CPU
		{EAAB6263-02B0-4C2D-BCE0-7D300E8DC51A}.Debug|Any CPU.ActiveCfg = Debug|Any CPU
		{EAAB6263-02B0-4C2D-BCE0-7D300E8DC51A}.Debug|Any CPU.Build.0 = Debug|Any CPU
		{EAAB6263-02B0-4C2D-BCE0-7D300E8DC51A}.Debug|x64.ActiveCfg = Debug|Any CPU
		{EAAB6263-02B0-4C2D-BCE0-7D300E8DC51A}.Debug|x64.Build.0 = Debug|Any CPU
		{EAAB6263-02B0-4C2D-BCE0-7D300E8DC51A}.Debug|x86.ActiveCfg = Debug|Any CPU
		{EAAB6263-02B0-4C2D-BCE0-7D300E8DC51A}.Debug|x86.Build.0 = Debug|Any CPU
		{EAAB6263-02B0-4C2D-BCE0-7D300E8DC51A}.Release|Any CPU.ActiveCfg = Release|Any CPU
		{EAAB6263-02B0-4C2D-BCE0-7D300E8DC51A}.Release|Any CPU.Build.0 = Release|Any CPU
		{EAAB6263-02B0-4C2D-BCE0-7D300E8DC51A}.Release|x64.ActiveCfg = Release|Any CPU
		{EAAB6263-02B0-4C2D-BCE0-7D300E8DC51A}.Release|x64.Build.0 = Release|Any CPU
		{EAAB6263-02B0-4C2D-BCE0-7D300E8DC51A}.Release|x86.ActiveCfg = Release|Any CPU
		{EAAB6263-02B0-4C2D-BCE0-7D300E8DC51A}.Release|x86.Build.0 = Release|Any CPU
		{61EBA8B4-F8A9-4E20-9586-EDA79460E57D}.Debug|Any CPU.ActiveCfg = Debug|Any CPU
		{61EBA8B4-F8A9-4E20-9586-EDA79460E57D}.Debug|Any CPU.Build.0 = Debug|Any CPU
		{61EBA8B4-F8A9-4E20-9586-EDA79460E57D}.Debug|x64.ActiveCfg = Debug|Any CPU
		{61EBA8B4-F8A9-4E20-9586-EDA79460E57D}.Debug|x64.Build.0 = Debug|Any CPU
		{61EBA8B4-F8A9-4E20-9586-EDA79460E57D}.Debug|x86.ActiveCfg = Debug|Any CPU
		{61EBA8B4-F8A9-4E20-9586-EDA79460E57D}.Debug|x86.Build.0 = Debug|Any CPU
		{61EBA8B4-F8A9-4E20-9586-EDA79460E57D}.Release|Any CPU.ActiveCfg = Release|Any CPU
		{61EBA8B4-F8A9-4E20-9586-EDA79460E57D}.Release|Any CPU.Build.0 = Release|Any CPU
		{61EBA8B4-F8A9-4E20-9586-EDA79460E57D}.Release|x64.ActiveCfg = Release|Any CPU
		{61EBA8B4-F8A9-4E20-9586-EDA79460E57D}.Release|x64.Build.0 = Release|Any CPU
		{61EBA8B4-F8A9-4E20-9586-EDA79460E57D}.Release|x86.ActiveCfg = Release|Any CPU
		{61EBA8B4-F8A9-4E20-9586-EDA79460E57D}.Release|x86.Build.0 = Release|Any CPU
		{AE4A4DDF-3803-4889-8E21-0B21BFB4CE4D}.Debug|Any CPU.ActiveCfg = Debug|Any CPU
		{AE4A4DDF-3803-4889-8E21-0B21BFB4CE4D}.Debug|Any CPU.Build.0 = Debug|Any CPU
		{AE4A4DDF-3803-4889-8E21-0B21BFB4CE4D}.Debug|x64.ActiveCfg = Debug|Any CPU
		{AE4A4DDF-3803-4889-8E21-0B21BFB4CE4D}.Debug|x64.Build.0 = Debug|Any CPU
		{AE4A4DDF-3803-4889-8E21-0B21BFB4CE4D}.Debug|x86.ActiveCfg = Debug|Any CPU
		{AE4A4DDF-3803-4889-8E21-0B21BFB4CE4D}.Debug|x86.Build.0 = Debug|Any CPU
		{AE4A4DDF-3803-4889-8E21-0B21BFB4CE4D}.Release|Any CPU.ActiveCfg = Release|Any CPU
		{AE4A4DDF-3803-4889-8E21-0B21BFB4CE4D}.Release|Any CPU.Build.0 = Release|Any CPU
		{AE4A4DDF-3803-4889-8E21-0B21BFB4CE4D}.Release|x64.ActiveCfg = Release|Any CPU
		{AE4A4DDF-3803-4889-8E21-0B21BFB4CE4D}.Release|x64.Build.0 = Release|Any CPU
		{AE4A4DDF-3803-4889-8E21-0B21BFB4CE4D}.Release|x86.ActiveCfg = Release|Any CPU
		{AE4A4DDF-3803-4889-8E21-0B21BFB4CE4D}.Release|x86.Build.0 = Release|Any CPU
		{99472FB1-3F03-4DEA-A161-88582C63E2BB}.Debug|Any CPU.ActiveCfg = Debug|Any CPU
		{99472FB1-3F03-4DEA-A161-88582C63E2BB}.Debug|Any CPU.Build.0 = Debug|Any CPU
		{99472FB1-3F03-4DEA-A161-88582C63E2BB}.Debug|x64.ActiveCfg = Debug|Any CPU
		{99472FB1-3F03-4DEA-A161-88582C63E2BB}.Debug|x64.Build.0 = Debug|Any CPU
		{99472FB1-3F03-4DEA-A161-88582C63E2BB}.Debug|x86.ActiveCfg = Debug|Any CPU
		{99472FB1-3F03-4DEA-A161-88582C63E2BB}.Debug|x86.Build.0 = Debug|Any CPU
		{99472FB1-3F03-4DEA-A161-88582C63E2BB}.Release|Any CPU.ActiveCfg = Release|Any CPU
		{99472FB1-3F03-4DEA-A161-88582C63E2BB}.Release|Any CPU.Build.0 = Release|Any CPU
		{99472FB1-3F03-4DEA-A161-88582C63E2BB}.Release|x64.ActiveCfg = Release|Any CPU
		{99472FB1-3F03-4DEA-A161-88582C63E2BB}.Release|x64.Build.0 = Release|Any CPU
		{99472FB1-3F03-4DEA-A161-88582C63E2BB}.Release|x86.ActiveCfg = Release|Any CPU
		{99472FB1-3F03-4DEA-A161-88582C63E2BB}.Release|x86.Build.0 = Release|Any CPU
		{525A6D60-CD0B-450E-BFC4-35AB180D36CE}.Debug|Any CPU.ActiveCfg = Debug|Any CPU
		{525A6D60-CD0B-450E-BFC4-35AB180D36CE}.Debug|Any CPU.Build.0 = Debug|Any CPU
		{525A6D60-CD0B-450E-BFC4-35AB180D36CE}.Debug|x64.ActiveCfg = Debug|Any CPU
		{525A6D60-CD0B-450E-BFC4-35AB180D36CE}.Debug|x64.Build.0 = Debug|Any CPU
		{525A6D60-CD0B-450E-BFC4-35AB180D36CE}.Debug|x86.ActiveCfg = Debug|Any CPU
		{525A6D60-CD0B-450E-BFC4-35AB180D36CE}.Debug|x86.Build.0 = Debug|Any CPU
		{525A6D60-CD0B-450E-BFC4-35AB180D36CE}.Release|Any CPU.ActiveCfg = Release|Any CPU
		{525A6D60-CD0B-450E-BFC4-35AB180D36CE}.Release|Any CPU.Build.0 = Release|Any CPU
		{525A6D60-CD0B-450E-BFC4-35AB180D36CE}.Release|x64.ActiveCfg = Release|Any CPU
		{525A6D60-CD0B-450E-BFC4-35AB180D36CE}.Release|x64.Build.0 = Release|Any CPU
		{525A6D60-CD0B-450E-BFC4-35AB180D36CE}.Release|x86.ActiveCfg = Release|Any CPU
		{525A6D60-CD0B-450E-BFC4-35AB180D36CE}.Release|x86.Build.0 = Release|Any CPU
	EndGlobalSection
	GlobalSection(SolutionProperties) = preSolution
		HideSolutionNode = FALSE
	EndGlobalSection
	GlobalSection(NestedProjects) = preSolution
		{FDFBC5E1-71DB-4547-80C4-6EFBB0AA0992} = {827E0CD3-B72D-47B6-A68D-7590B98EB39B}
		{DF353385-598C-479F-8A8B-1CF924D34279} = {827E0CD3-B72D-47B6-A68D-7590B98EB39B}
		{0395B7E4-F75F-4222-A906-EAD33ACEDF0E} = {827E0CD3-B72D-47B6-A68D-7590B98EB39B}
		{EAAB6263-02B0-4C2D-BCE0-7D300E8DC51A} = {827E0CD3-B72D-47B6-A68D-7590B98EB39B}
		{61EBA8B4-F8A9-4E20-9586-EDA79460E57D} = {827E0CD3-B72D-47B6-A68D-7590B98EB39B}
		{AE4A4DDF-3803-4889-8E21-0B21BFB4CE4D} = {0AB3BF05-4346-4AA6-1389-037BE0695223}
		{99472FB1-3F03-4DEA-A161-88582C63E2BB} = {0AB3BF05-4346-4AA6-1389-037BE0695223}
		{525A6D60-CD0B-450E-BFC4-35AB180D36CE} = {0AB3BF05-4346-4AA6-1389-037BE0695223}
	EndGlobalSection
EndGlobal
