
Microsoft Visual Studio Solution File, Format Version 12.00
# Visual Studio Version 17
VisualStudioVersion = 17.0.31903.59
MinimumVisualStudioVersion = 10.0.40219.1
Project("{2150E333-8FDC-42A3-9474-1A3956D46DE8}") = "src", "src", "{827E0CD3-B72D-47B6-A68D-7590B98EB39B}"
EndProject
Project("{FAE04EC0-301F-11D3-BF4B-00C04F79EFBC}") = "GamingEngine.Api", "src\GamingEngine.Api\GamingEngine.Api.csproj", "{726A1752-BE53-4908-B509-445E0E098BAE}"
EndProject
Project("{FAE04EC0-301F-11D3-BF4B-00C04F79EFBC}") = "GamingEngine.Application", "src\GamingEngine.Application\GamingEngine.Application.csproj", "{FB53C4A4-3166-434F-8923-1BCB34CD53F5}"
EndProject
Project("{FAE04EC0-301F-11D3-BF4B-00C04F79EFBC}") = "GamingEngine.Domain", "src\GamingEngine.Domain\GamingEngine.Domain.csproj", "{D915BB97-A53B-465B-9E23-BD228EF5EA89}"
EndProject
Project("{FAE04EC0-301F-11D3-BF4B-00C04F79EFBC}") = "GamingEngine.Infrastructure", "src\GamingEngine.Infrastructure\GamingEngine.Infrastructure.csproj", "{BDAC4AE6-0FB8-4896-A475-E9310678C95A}"
EndProject
Project("{2150E333-8FDC-42A3-9474-1A3956D46DE8}") = "tests", "tests", "{0AB3BF05-4346-4AA6-1389-037BE0695223}"
EndProject
Project("{FAE04EC0-301F-11D3-BF4B-00C04F79EFBC}") = "GamingEngine.Tests", "tests\GamingEngine.Tests\GamingEngine.Tests.csproj", "{80B196C9-1063-4654-8974-C0E7452E55C8}"
EndProject
Global
	GlobalSection(SolutionConfigurationPlatforms) = preSolution
		Debug|Any CPU = Debug|Any CPU
		Debug|x64 = Debug|x64
		Debug|x86 = Debug|x86
		Release|Any CPU = Release|Any CPU
		Release|x64 = Release|x64
		Release|x86 = Release|x86
	EndGlobalSection
	GlobalSection(ProjectConfigurationPlatforms) = postSolution
		{726A1752-BE53-4908-B509-445E0E098BAE}.Debug|Any CPU.ActiveCfg = Debug|Any CPU
		{726A1752-BE53-4908-B509-445E0E098BAE}.Debug|Any CPU.Build.0 = Debug|Any CPU
		{726A1752-BE53-4908-B509-445E0E098BAE}.Debug|x64.ActiveCfg = Debug|Any CPU
		{726A1752-BE53-4908-B509-445E0E098BAE}.Debug|x64.Build.0 = Debug|Any CPU
		{726A1752-BE53-4908-B509-445E0E098BAE}.Debug|x86.ActiveCfg = Debug|Any CPU
		{726A1752-BE53-4908-B509-445E0E098BAE}.Debug|x86.Build.0 = Debug|Any CPU
		{726A1752-BE53-4908-B509-445E0E098BAE}.Release|Any CPU.ActiveCfg = Release|Any CPU
		{726A1752-BE53-4908-B509-445E0E098BAE}.Release|Any CPU.Build.0 = Release|Any CPU
		{726A1752-BE53-4908-B509-445E0E098BAE}.Release|x64.ActiveCfg = Release|Any CPU
		{726A1752-BE53-4908-B509-445E0E098BAE}.Release|x64.Build.0 = Release|Any CPU
		{726A1752-BE53-4908-B509-445E0E098BAE}.Release|x86.ActiveCfg = Release|Any CPU
		{726A1752-BE53-4908-B509-445E0E098BAE}.Release|x86.Build.0 = Release|Any CPU
		{FB53C4A4-3166-434F-8923-1BCB34CD53F5}.Debug|Any CPU.ActiveCfg = Debug|Any CPU
		{FB53C4A4-3166-434F-8923-1BCB34CD53F5}.Debug|Any CPU.Build.0 = Debug|Any CPU
		{FB53C4A4-3166-434F-8923-1BCB34CD53F5}.Debug|x64.ActiveCfg = Debug|Any CPU
		{FB53C4A4-3166-434F-8923-1BCB34CD53F5}.Debug|x64.Build.0 = Debug|Any CPU
		{FB53C4A4-3166-434F-8923-1BCB34CD53F5}.Debug|x86.ActiveCfg = Debug|Any CPU
		{FB53C4A4-3166-434F-8923-1BCB34CD53F5}.Debug|x86.Build.0 = Debug|Any CPU
		{FB53C4A4-3166-434F-8923-1BCB34CD53F5}.Release|Any CPU.ActiveCfg = Release|Any CPU
		{FB53C4A4-3166-434F-8923-1BCB34CD53F5}.Release|Any CPU.Build.0 = Release|Any CPU
		{FB53C4A4-3166-434F-8923-1BCB34CD53F5}.Release|x64.ActiveCfg = Release|Any CPU
		{FB53C4A4-3166-434F-8923-1BCB34CD53F5}.Release|x64.Build.0 = Release|Any CPU
		{FB53C4A4-3166-434F-8923-1BCB34CD53F5}.Release|x86.ActiveCfg = Release|Any CPU
		{FB53C4A4-3166-434F-8923-1BCB34CD53F5}.Release|x86.Build.0 = Release|Any CPU
		{D915BB97-A53B-465B-9E23-BD228EF5EA89}.Debug|Any CPU.ActiveCfg = Debug|Any CPU
		{D915BB97-A53B-465B-9E23-BD228EF5EA89}.Debug|Any CPU.Build.0 = Debug|Any CPU
		{D915BB97-A53B-465B-9E23-BD228EF5EA89}.Debug|x64.ActiveCfg = Debug|Any CPU
		{D915BB97-A53B-465B-9E23-BD228EF5EA89}.Debug|x64.Build.0 = Debug|Any CPU
		{D915BB97-A53B-465B-9E23-BD228EF5EA89}.Debug|x86.ActiveCfg = Debug|Any CPU
		{D915BB97-A53B-465B-9E23-BD228EF5EA89}.Debug|x86.Build.0 = Debug|Any CPU
		{D915BB97-A53B-465B-9E23-BD228EF5EA89}.Release|Any CPU.ActiveCfg = Release|Any CPU
		{D915BB97-A53B-465B-9E23-BD228EF5EA89}.Release|Any CPU.Build.0 = Release|Any CPU
		{D915BB97-A53B-465B-9E23-BD228EF5EA89}.Release|x64.ActiveCfg = Release|Any CPU
		{D915BB97-A53B-465B-9E23-BD228EF5EA89}.Release|x64.Build.0 = Release|Any CPU
		{D915BB97-A53B-465B-9E23-BD228EF5EA89}.Release|x86.ActiveCfg = Release|Any CPU
		{D915BB97-A53B-465B-9E23-BD228EF5EA89}.Release|x86.Build.0 = Release|Any CPU
		{BDAC4AE6-0FB8-4896-A475-E9310678C95A}.Debug|Any CPU.ActiveCfg = Debug|Any CPU
		{BDAC4AE6-0FB8-4896-A475-E9310678C95A}.Debug|Any CPU.Build.0 = Debug|Any CPU
		{BDAC4AE6-0FB8-4896-A475-E9310678C95A}.Debug|x64.ActiveCfg = Debug|Any CPU
		{BDAC4AE6-0FB8-4896-A475-E9310678C95A}.Debug|x64.Build.0 = Debug|Any CPU
		{BDAC4AE6-0FB8-4896-A475-E9310678C95A}.Debug|x86.ActiveCfg = Debug|Any CPU
		{BDAC4AE6-0FB8-4896-A475-E9310678C95A}.Debug|x86.Build.0 = Debug|Any CPU
		{BDAC4AE6-0FB8-4896-A475-E9310678C95A}.Release|Any CPU.ActiveCfg = Release|Any CPU
		{BDAC4AE6-0FB8-4896-A475-E9310678C95A}.Release|Any CPU.Build.0 = Release|Any CPU
		{BDAC4AE6-0FB8-4896-A475-E9310678C95A}.Release|x64.ActiveCfg = Release|Any CPU
		{BDAC4AE6-0FB8-4896-A475-E9310678C95A}.Release|x64.Build.0 = Release|Any CPU
		{BDAC4AE6-0FB8-4896-A475-E9310678C95A}.Release|x86.ActiveCfg = Release|Any CPU
		{BDAC4AE6-0FB8-4896-A475-E9310678C95A}.Release|x86.Build.0 = Release|Any CPU
		{80B196C9-1063-4654-8974-C0E7452E55C8}.Debug|Any CPU.ActiveCfg = Debug|Any CPU
		{80B196C9-1063-4654-8974-C0E7452E55C8}.Debug|Any CPU.Build.0 = Debug|Any CPU
		{80B196C9-1063-4654-8974-C0E7452E55C8}.Debug|x64.ActiveCfg = Debug|Any CPU
		{80B196C9-1063-4654-8974-C0E7452E55C8}.Debug|x64.Build.0 = Debug|Any CPU
		{80B196C9-1063-4654-8974-C0E7452E55C8}.Debug|x86.ActiveCfg = Debug|Any CPU
		{80B196C9-1063-4654-8974-C0E7452E55C8}.Debug|x86.Build.0 = Debug|Any CPU
		{80B196C9-1063-4654-8974-C0E7452E55C8}.Release|Any CPU.ActiveCfg = Release|Any CPU
		{80B196C9-1063-4654-8974-C0E7452E55C8}.Release|Any CPU.Build.0 = Release|Any CPU
		{80B196C9-1063-4654-8974-C0E7452E55C8}.Release|x64.ActiveCfg = Release|Any CPU
		{80B196C9-1063-4654-8974-C0E7452E55C8}.Release|x64.Build.0 = Release|Any CPU
		{80B196C9-1063-4654-8974-C0E7452E55C8}.Release|x86.ActiveCfg = Release|Any CPU
		{80B196C9-1063-4654-8974-C0E7452E55C8}.Release|x86.Build.0 = Release|Any CPU
	EndGlobalSection
	GlobalSection(SolutionProperties) = preSolution
		HideSolutionNode = FALSE
	EndGlobalSection
	GlobalSection(NestedProjects) = preSolution
		{726A1752-BE53-4908-B509-445E0E098BAE} = {827E0CD3-B72D-47B6-A68D-7590B98EB39B}
		{FB53C4A4-3166-434F-8923-1BCB34CD53F5} = {827E0CD3-B72D-47B6-A68D-7590B98EB39B}
		{D915BB97-A53B-465B-9E23-BD228EF5EA89} = {827E0CD3-B72D-47B6-A68D-7590B98EB39B}
		{BDAC4AE6-0FB8-4896-A475-E9310678C95A} = {827E0CD3-B72D-47B6-A68D-7590B98EB39B}
		{80B196C9-1063-4654-8974-C0E7452E55C8} = {0AB3BF05-4346-4AA6-1389-037BE0695223}
	EndGlobalSection
EndGlobal
